Microsoft Visual Studio Solution File, Format Version 12.00
# Visual Studio Version 17
VisualStudioVersion = 17.6.33829.357
MinimumVisualStudioVersion = 10.0.40219.1
Project("{9A19103F-16F7-4668-BE54-9A1E7A4F7556}") = "NPaperless.Services", "PaperlessAPI\NPaperless.Services\NPaperless.Services.csproj", "{B92639E2-17DE-459E-8B14-A20387916ACB}"
EndProject
Project("{9A19103F-16F7-4668-BE54-9A1E7A4F7556}") = "NPaperless.DataAccess.Tests", "PaperlessAPI\NPaperless.UnitTests\NPaperless.DataAccess.Tests.csproj", "{FB8069F7-A5DE-4D21-B908-BBC12AA07977}"
EndProject
Project("{9A19103F-16F7-4668-BE54-9A1E7A4F7556}") = "NPaperless.Models", "PaperlessAPI\NPaperless.Models\NPaperless.Models.csproj", "{1C44B72F-D825-4DC4-B5A1-661C093A80ED}"
EndProject
Project("{9A19103F-16F7-4668-BE54-9A1E7A4F7556}") = "NPaperless.DataAccess.Entities", "PaperlessAPI\NPaperless.DataAccess.Entities\NPaperless.DataAccess.Entities.csproj", "{A02142BE-F43F-40FE-8529-7F3DC4744E47}"
EndProject
Project("{9A19103F-16F7-4668-BE54-9A1E7A4F7556}") = "NPaperless.DataAccess.Interfaces", "PaperlessAPI\NPaperless.DataAccess.Interfaces\NPaperless.DataAccess.Interfaces.csproj", "{A37F00DA-9B6F-4AE8-A09D-996034349469}"
EndProject
Project("{FAE04EC0-301F-11D3-BF4B-00C04F79EFBC}") = "NPaperless.BusinessLogic", "PaperlessAPI\NPaperless.BusinessLogic\NPaperless.BusinessLogic.csproj", "{CDCFD60F-3E1F-4485-9A8A-2E49183F2DD0}"
EndProject
Global
	GlobalSection(SolutionConfigurationPlatforms) = preSolution
		Debug|Any CPU = Debug|Any CPU
		Release|Any CPU = Release|Any CPU
	EndGlobalSection
	GlobalSection(ProjectConfigurationPlatforms) = postSolution
		{B92639E2-17DE-459E-8B14-A20387916ACB}.Debug|Any CPU.ActiveCfg = Debug|Any CPU
		{B92639E2-17DE-459E-8B14-A20387916ACB}.Debug|Any CPU.Build.0 = Debug|Any CPU
		{B92639E2-17DE-459E-8B14-A20387916ACB}.Release|Any CPU.ActiveCfg = Release|Any CPU
		{B92639E2-17DE-459E-8B14-A20387916ACB}.Release|Any CPU.Build.0 = Release|Any CPU
		{FB8069F7-A5DE-4D21-B908-BBC12AA07977}.Debug|Any CPU.ActiveCfg = Debug|Any CPU
		{FB8069F7-A5DE-4D21-B908-BBC12AA07977}.Debug|Any CPU.Build.0 = Debug|Any CPU
		{FB8069F7-A5DE-4D21-B908-BBC12AA07977}.Release|Any CPU.ActiveCfg = Release|Any CPU
		{FB8069F7-A5DE-4D21-B908-BBC12AA07977}.Release|Any CPU.Build.0 = Release|Any CPU
		{1C44B72F-D825-4DC4-B5A1-661C093A80ED}.Debug|Any CPU.ActiveCfg = Debug|Any CPU
		{1C44B72F-D825-4DC4-B5A1-661C093A80ED}.Debug|Any CPU.Build.0 = Debug|Any CPU
		{1C44B72F-D825-4DC4-B5A1-661C093A80ED}.Release|Any CPU.ActiveCfg = Release|Any CPU
		{1C44B72F-D825-4DC4-B5A1-661C093A80ED}.Release|Any CPU.Build.0 = Release|Any CPU
		{A02142BE-F43F-40FE-8529-7F3DC4744E47}.Debug|Any CPU.ActiveCfg = Debug|Any CPU
		{A02142BE-F43F-40FE-8529-7F3DC4744E47}.Debug|Any CPU.Build.0 = Debug|Any CPU
		{A02142BE-F43F-40FE-8529-7F3DC4744E47}.Release|Any CPU.ActiveCfg = Release|Any CPU
		{A02142BE-F43F-40FE-8529-7F3DC4744E47}.Release|Any CPU.Build.0 = Release|Any CPU
		{A37F00DA-9B6F-4AE8-A09D-996034349469}.Debug|Any CPU.ActiveCfg = Debug|Any CPU
		{A37F00DA-9B6F-4AE8-A09D-996034349469}.Debug|Any CPU.Build.0 = Debug|Any CPU
		{A37F00DA-9B6F-4AE8-A09D-996034349469}.Release|Any CPU.ActiveCfg = Release|Any CPU
		{A37F00DA-9B6F-4AE8-A09D-996034349469}.Release|Any CPU.Build.0 = Release|Any CPU
		{CDCFD60F-3E1F-4485-9A8A-2E49183F2DD0}.Debug|Any CPU.ActiveCfg = Debug|Any CPU
		{CDCFD60F-3E1F-4485-9A8A-2E49183F2DD0}.Debug|Any CPU.Build.0 = Debug|Any CPU
		{CDCFD60F-3E1F-4485-9A8A-2E49183F2DD0}.Release|Any CPU.ActiveCfg = Release|Any CPU
		{CDCFD60F-3E1F-4485-9A8A-2E49183F2DD0}.Release|Any CPU.Build.0 = Release|Any CPU
	EndGlobalSection
	GlobalSection(SolutionProperties) = preSolution
		HideSolutionNode = FALSE
	EndGlobalSection
	GlobalSection(ExtensibilityGlobals) = postSolution
		SolutionGuid = {E833DD51-DD6F-4A10-94B5-9FB20E940D1F}
	EndGlobalSection
EndGlobal
